
Microsoft Visual Studio Solution File, Format Version 12.00
# Visual Studio 15
VisualStudioVersion = 15.0.26228.102
MinimumVisualStudioVersion = 10.0.40219.1
Project("{FAE04EC0-301F-11D3-BF4B-00C04F79EFBC}") = "PROCOMER.VUI.Conexion", "PROCOMER.VUI.Conexion\PROCOMER.VUI.Conexion.csproj", "{694D1637-FB38-4894-9997-7A043A775475}"
EndProject
Project("{FAE04EC0-301F-11D3-BF4B-00C04F79EFBC}") = "PROCOMER.VUI.Token", "TokenServices\PROCOMER.VUI.Token.csproj", "{59A9CE7A-3620-4C12-8FEC-ACBA3922F4A0}"
EndProject
Project("{FAE04EC0-301F-11D3-BF4B-00C04F79EFBC}") = "PROCOMER.VUI.Conection", "PROCOMER.VUI.Conection\PROCOMER.VUI.Conection.csproj", "{82F530DF-4E37-4DAD-96FC-E1FD239D6DFA}"
EndProject
Global
	GlobalSection(SolutionConfigurationPlatforms) = preSolution
		Debug|Any CPU = Debug|Any CPU
		Release|Any CPU = Release|Any CPU
	EndGlobalSection
	GlobalSection(ProjectConfigurationPlatforms) = postSolution
		{694D1637-FB38-4894-9997-7A043A775475}.Debug|Any CPU.ActiveCfg = Debug|Any CPU
		{694D1637-FB38-4894-9997-7A043A775475}.Debug|Any CPU.Build.0 = Debug|Any CPU
		{694D1637-FB38-4894-9997-7A043A775475}.Release|Any CPU.ActiveCfg = Release|Any CPU
		{694D1637-FB38-4894-9997-7A043A775475}.Release|Any CPU.Build.0 = Release|Any CPU
		{59A9CE7A-3620-4C12-8FEC-ACBA3922F4A0}.Debug|Any CPU.ActiveCfg = Debug|Any CPU
		{59A9CE7A-3620-4C12-8FEC-ACBA3922F4A0}.Debug|Any CPU.Build.0 = Debug|Any CPU
		{59A9CE7A-3620-4C12-8FEC-ACBA3922F4A0}.Release|Any CPU.ActiveCfg = Release|Any CPU
		{59A9CE7A-3620-4C12-8FEC-ACBA3922F4A0}.Release|Any CPU.Build.0 = Release|Any CPU
		{82F530DF-4E37-4DAD-96FC-E1FD239D6DFA}.Debug|Any CPU.ActiveCfg = Debug|Any CPU
		{82F530DF-4E37-4DAD-96FC-E1FD239D6DFA}.Debug|Any CPU.Build.0 = Debug|Any CPU
		{82F530DF-4E37-4DAD-96FC-E1FD239D6DFA}.Release|Any CPU.ActiveCfg = Release|Any CPU
		{82F530DF-4E37-4DAD-96FC-E1FD239D6DFA}.Release|Any CPU.Build.0 = Release|Any CPU
	EndGlobalSection
	GlobalSection(SolutionProperties) = preSolution
		HideSolutionNode = FALSE
	EndGlobalSection
	GlobalSection(ExtensibilityGlobals) = postSolution
		SolutionGuid = {079D6395-9943-4626-B974-332EE28733B2}
	EndGlobalSection
EndGlobal
